
Microsoft Visual Studio Solution File, Format Version 12.00
# Visual Studio Version 17
VisualStudioVersion = 17.2.32616.157
MinimumVisualStudioVersion = 10.0.40219.1
Project("{FAE04EC0-301F-11D3-BF4B-00C04F79EFBC}") = "2023Dll", "2023Dll\2023Dll.csproj", "{B522FB98-349A-4B73-8657-61CDFF89C1B0}"
EndProject
Global
	GlobalSection(SolutionConfigurationPlatforms) = preSolution
		Debug|Any CPU = Debug|Any CPU
		Release|Any CPU = Release|Any CPU
	EndGlobalSection
	GlobalSection(ProjectConfigurationPlatforms) = postSolution
		{B522FB98-349A-4B73-8657-61CDFF89C1B0}.Debug|Any CPU.ActiveCfg = Debug|Any CPU
		{B522FB98-349A-4B73-8657-61CDFF89C1B0}.Debug|Any CPU.Build.0 = Debug|Any CPU
		{B522FB98-349A-4B73-8657-61CDFF89C1B0}.Release|Any CPU.ActiveCfg = Release|Any CPU
		{B522FB98-349A-4B73-8657-61CDFF89C1B0}.Release|Any CPU.Build.0 = Release|Any CPU
	EndGlobalSection
	GlobalSection(SolutionProperties) = preSolution
		HideSolutionNode = FALSE
	EndGlobalSection
	GlobalSection(ExtensibilityGlobals) = postSolution
		SolutionGuid = {3CF98823-B8C4-435C-8006-064E723008E9}
	EndGlobalSection
EndGlobal
